// !$*UTF8*$!
{
	archiveVersion = 1;
	classes = {
	};
	objectVersion = 50;
	objects = {

/* Begin PBXBuildFile section */
		A73C400321E981C400469CB8 /* AppDelegate.swift in Sources */ = {isa = PBXBuildFile; fileRef = A73C400221E981C400469CB8 /* AppDelegate.swift */; };
		A73C400521E981C400469CB8 /* ViewController.swift in Sources */ = {isa = PBXBuildFile; fileRef = A73C400421E981C400469CB8 /* ViewController.swift */; };
		A73C400821E981C400469CB8 /* Main.storyboard in Resources */ = {isa = PBXBuildFile; fileRef = A73C400621E981C400469CB8 /* Main.storyboard */; };
		A73C400A21E981C500469CB8 /* Assets.xcassets in Resources */ = {isa = PBXBuildFile; fileRef = A73C400921E981C500469CB8 /* Assets.xcassets */; };
		A73C400D21E981C500469CB8 /* LaunchScreen.storyboard in Resources */ = {isa = PBXBuildFile; fileRef = A73C400B21E981C500469CB8 /* LaunchScreen.storyboard */; };
		A73C401821E981C500469CB8 /* Rocket_RacersTests.swift in Sources */ = {isa = PBXBuildFile; fileRef = A73C401721E981C500469CB8 /* Rocket_RacersTests.swift */; };
		A73C402321E981C500469CB8 /* Rocket_RacersUITests.swift in Sources */ = {isa = PBXBuildFile; fileRef = A73C402221E981C500469CB8 /* Rocket_RacersUITests.swift */; };
		A73C403121E984B500469CB8 /* iPad1xLandscape_iOS7.png in Resources */ = {isa = PBXBuildFile; fileRef = A73C403021E984B400469CB8 /* iPad1xLandscape_iOS7.png */; };
		A73C403321EBB94200469CB8 /* index.html in Resources */ = {isa = PBXBuildFile; fileRef = A73C403221EBB94200469CB8 /* index.html */; };
		A73C403621EC19EC00469CB8 /* StoreKit.framework in Frameworks */ = {isa = PBXBuildFile; fileRef = A73C403521EC19EC00469CB8 /* StoreKit.framework */; };
/* End PBXBuildFile section */

/* Begin PBXContainerItemProxy section */
		A73C401421E981C500469CB8 /* PBXContainerItemProxy */ = {
			isa = PBXContainerItemProxy;
			containerPortal = A73C3FF721E981C400469CB8 /* Project object */;
			proxyType = 1;
			remoteGlobalIDString = A73C3FFE21E981C400469CB8;
			remoteInfo = "Rocket Racers";
		};
		A73C401F21E981C500469CB8 /* PBXContainerItemProxy */ = {
			isa = PBXContainerItemProxy;
			containerPortal = A73C3FF721E981C400469CB8 /* Project object */;
			proxyType = 1;
			remoteGlobalIDString = A73C3FFE21E981C400469CB8;
			remoteInfo = "Rocket Racers";
		};
/* End PBXContainerItemProxy section */

/* Begin PBXFileReference section */
		A73C3FFF21E981C400469CB8 /* Rocket Racers.app */ = {isa = PBXFileReference; explicitFileType = wrapper.application; includeInIndex = 0; path = "Rocket Racers.app"; sourceTree = BUILT_PRODUCTS_DIR; };
		A73C400221E981C400469CB8 /* AppDelegate.swift */ = {isa = PBXFileReference; lastKnownFileType = sourcecode.swift; path = AppDelegate.swift; sourceTree = "<group>"; };
		A73C400421E981C400469CB8 /* ViewController.swift */ = {isa = PBXFileReference; lastKnownFileType = sourcecode.swift; path = ViewController.swift; sourceTree = "<group>"; };
		A73C400721E981C400469CB8 /* Base */ = {isa = PBXFileReference; lastKnownFileType = file.storyboard; name = Base; path = Base.lproj/Main.storyboard; sourceTree = "<group>"; };
		A73C400921E981C500469CB8 /* Assets.xcassets */ = {isa = PBXFileReference; lastKnownFileType = folder.assetcatalog; path = Assets.xcassets; sourceTree = "<group>"; };
		A73C400C21E981C500469CB8 /* Base */ = {isa = PBXFileReference; lastKnownFileType = file.storyboard; name = Base; path = Base.lproj/LaunchScreen.storyboard; sourceTree = "<group>"; };
		A73C400E21E981C500469CB8 /* Info.plist */ = {isa = PBXFileReference; lastKnownFileType = text.plist.xml; path = Info.plist; sourceTree = "<group>"; };
		A73C401321E981C500469CB8 /* Rocket RacersTests.xctest */ = {isa = PBXFileReference; explicitFileType = wrapper.cfbundle; includeInIndex = 0; path = "Rocket RacersTests.xctest"; sourceTree = BUILT_PRODUCTS_DIR; };
		A73C401721E981C500469CB8 /* Rocket_RacersTests.swift */ = {isa = PBXFileReference; lastKnownFileType = sourcecode.swift; path = Rocket_RacersTests.swift; sourceTree = "<group>"; };
		A73C401921E981C500469CB8 /* Info.plist */ = {isa = PBXFileReference; lastKnownFileType = text.plist.xml; path = Info.plist; sourceTree = "<group>"; };
		A73C401E21E981C500469CB8 /* Rocket RacersUITests.xctest */ = {isa = PBXFileReference; explicitFileType = wrapper.cfbundle; includeInIndex = 0; path = "Rocket RacersUITests.xctest"; sourceTree = BUILT_PRODUCTS_DIR; };
		A73C402221E981C500469CB8 /* Rocket_RacersUITests.swift */ = {isa = PBXFileReference; lastKnownFileType = sourcecode.swift; path = Rocket_RacersUITests.swift; sourceTree = "<group>"; };
		A73C402421E981C500469CB8 /* Info.plist */ = {isa = PBXFileReference; lastKnownFileType = text.plist.xml; path = Info.plist; sourceTree = "<group>"; };
		A73C403021E984B400469CB8 /* iPad1xLandscape_iOS7.png */ = {isa = PBXFileReference; lastKnownFileType = image.png; name = iPad1xLandscape_iOS7.png; path = "../../../../Desktop/CENTAUR GAMES BLANK LAUNCH IMAGES/iPad1xLandscape_iOS7.png"; sourceTree = "<group>"; };
		A73C403221EBB94200469CB8 /* index.html */ = {isa = PBXFileReference; fileEncoding = 4; lastKnownFileType = text.html; name = index.html; path = "../../../../Desktop/Centaur Games iOS Apps/ROCKET RACERS/index.html"; sourceTree = "<group>"; };
		A73C403521EC19EC00469CB8 /* StoreKit.framework */ = {isa = PBXFileReference; lastKnownFileType = wrapper.framework; name = StoreKit.framework; path = System/Library/Frameworks/StoreKit.framework; sourceTree = SDKROOT; };
/* End PBXFileReference section */

/* Begin PBXFrameworksBuildPhase section */
		A73C3FFC21E981C400469CB8 /* Frameworks */ = {
			isa = PBXFrameworksBuildPhase;
			buildActionMask = 2147483647;
			files = (
				A73C403621EC19EC00469CB8 /* StoreKit.framework in Frameworks */,
			);
			runOnlyForDeploymentPostprocessing = 0;
		};
		A73C401021E981C500469CB8 /* Frameworks */ = {
			isa = PBXFrameworksBuildPhase;
			buildActionMask = 2147483647;
			files = (
			);
			runOnlyForDeploymentPostprocessing = 0;
		};
		A73C401B21E981C500469CB8 /* Frameworks */ = {
			isa = PBXFrameworksBuildPhase;
			buildActionMask = 2147483647;
			files = (
			);
			runOnlyForDeploymentPostprocessing = 0;
		};
/* End PBXFrameworksBuildPhase section */

/* Begin PBXGroup section */
		A73C3FF621E981C400469CB8 = {
			isa = PBXGroup;
			children = (
				A73C400121E981C400469CB8 /* Rocket Racers */,
				A73C401621E981C500469CB8 /* Rocket RacersTests */,
				A73C402121E981C500469CB8 /* Rocket RacersUITests */,
				A73C400021E981C400469CB8 /* Products */,
				A73C403421EC19EC00469CB8 /* Frameworks */,
			);
			sourceTree = "<group>";
		};
		A73C400021E981C400469CB8 /* Products */ = {
			isa = PBXGroup;
			children = (
				A73C3FFF21E981C400469CB8 /* Rocket Racers.app */,
				A73C401321E981C500469CB8 /* Rocket RacersTests.xctest */,
				A73C401E21E981C500469CB8 /* Rocket RacersUITests.xctest */,
			);
			name = Products;
			sourceTree = "<group>";
		};
		A73C400121E981C400469CB8 /* Rocket Racers */ = {
			isa = PBXGroup;
			children = (
				A73C400221E981C400469CB8 /* AppDelegate.swift */,
				A73C400421E981C400469CB8 /* ViewController.swift */,
				A73C403221EBB94200469CB8 /* index.html */,
				A73C400621E981C400469CB8 /* Main.storyboard */,
				A73C400921E981C500469CB8 /* Assets.xcassets */,
				A73C403021E984B400469CB8 /* iPad1xLandscape_iOS7.png */,
				A73C400B21E981C500469CB8 /* LaunchScreen.storyboard */,
				A73C400E21E981C500469CB8 /* Info.plist */,
			);
			path = "Rocket Racers";
			sourceTree = "<group>";
		};
		A73C401621E981C500469CB8 /* Rocket RacersTests */ = {
			isa = PBXGroup;
			children = (
				A73C401721E981C500469CB8 /* Rocket_RacersTests.swift */,
				A73C401921E981C500469CB8 /* Info.plist */,
			);
			path = "Rocket RacersTests";
			sourceTree = "<group>";
		};
		A73C402121E981C500469CB8 /* Rocket RacersUITests */ = {
			isa = PBXGroup;
			children = (
				A73C402221E981C500469CB8 /* Rocket_RacersUITests.swift */,
				A73C402421E981C500469CB8 /* Info.plist */,
			);
			path = "Rocket RacersUITests";
			sourceTree = "<group>";
		};
		A73C403421EC19EC00469CB8 /* Frameworks */ = {
			isa = PBXGroup;
			children = (
				A73C403521EC19EC00469CB8 /* StoreKit.framework */,
			);
			name = Frameworks;
			sourceTree = "<group>";
		};
/* End PBXGroup section */

/* Begin PBXNativeTarget section */
		A73C3FFE21E981C400469CB8 /* Rocket Racers */ = {
			isa = PBXNativeTarget;
			buildConfigurationList = A73C402721E981C500469CB8 /* Build configuration list for PBXNativeTarget "Rocket Racers" */;
			buildPhases = (
				A73C3FFB21E981C400469CB8 /* Sources */,
				A73C3FFC21E981C400469CB8 /* Frameworks */,
				A73C3FFD21E981C400469CB8 /* Resources */,
			);
			buildRules = (
			);
			dependencies = (
			);
			name = "Rocket Racers";
			productName = "Rocket Racers";
			productReference = A73C3FFF21E981C400469CB8 /* Rocket Racers.app */;
			productType = "com.apple.product-type.application";
		};
		A73C401221E981C500469CB8 /* Rocket RacersTests */ = {
			isa = PBXNativeTarget;
			buildConfigurationList = A73C402A21E981C500469CB8 /* Build configuration list for PBXNativeTarget "Rocket RacersTests" */;
			buildPhases = (
				A73C400F21E981C500469CB8 /* Sources */,
				A73C401021E981C500469CB8 /* Frameworks */,
				A73C401121E981C500469CB8 /* Resources */,
			);
			buildRules = (
			);
			dependencies = (
				A73C401521E981C500469CB8 /* PBXTargetDependency */,
			);
			name = "Rocket RacersTests";
			productName = "Rocket RacersTests";
			productReference = A73C401321E981C500469CB8 /* Rocket RacersTests.xctest */;
			productType = "com.apple.product-type.bundle.unit-test";
		};
		A73C401D21E981C500469CB8 /* Rocket RacersUITests */ = {
			isa = PBXNativeTarget;
			buildConfigurationList = A73C402D21E981C500469CB8 /* Build configuration list for PBXNativeTarget "Rocket RacersUITests" */;
			buildPhases = (
				A73C401A21E981C500469CB8 /* Sources */,
				A73C401B21E981C500469CB8 /* Frameworks */,
				A73C401C21E981C500469CB8 /* Resources */,
			);
			buildRules = (
			);
			dependencies = (
				A73C402021E981C500469CB8 /* PBXTargetDependency */,
			);
			name = "Rocket RacersUITests";
			productName = "Rocket RacersUITests";
			productReference = A73C401E21E981C500469CB8 /* Rocket RacersUITests.xctest */;
			productType = "com.apple.product-type.bundle.ui-testing";
		};
/* End PBXNativeTarget section */

/* Begin PBXProject section */
		A73C3FF721E981C400469CB8 /* Project object */ = {
			isa = PBXProject;
			attributes = {
				LastSwiftUpdateCheck = 1010;
				LastUpgradeCheck = 1010;
				ORGANIZATIONNAME = "Centaur Games";
				TargetAttributes = {
					A73C3FFE21E981C400469CB8 = {
						CreatedOnToolsVersion = 10.1;
						SystemCapabilities = {
							com.apple.InAppPurchase = {
								enabled = 1;
							};
						};
					};
					A73C401221E981C500469CB8 = {
						CreatedOnToolsVersion = 10.1;
						TestTargetID = A73C3FFE21E981C400469CB8;
					};
					A73C401D21E981C500469CB8 = {
						CreatedOnToolsVersion = 10.1;
						TestTargetID = A73C3FFE21E981C400469CB8;
					};
				};
			};
			buildConfigurationList = A73C3FFA21E981C400469CB8 /* Build configuration list for PBXProject "Rocket Racers" */;
			compatibilityVersion = "Xcode 9.3";
			developmentRegion = en;
			hasScannedForEncodings = 0;
			knownRegions = (
				en,
				Base,
			);
			mainGroup = A73C3FF621E981C400469CB8;
			productRefGroup = A73C400021E981C400469CB8 /* Products */;
			projectDirPath = "";
			projectRoot = "";
			targets = (
				A73C3FFE21E981C400469CB8 /* Rocket Racers */,
				A73C401221E981C500469CB8 /* Rocket RacersTests */,
				A73C401D21E981C500469CB8 /* Rocket RacersUITests */,
			);
		};
/* End PBXProject section */

/* Begin PBXResourcesBuildPhase section */
		A73C3FFD21E981C400469CB8 /* Resources */ = {
			isa = PBXResourcesBuildPhase;
			buildActionMask = 2147483647;
			files = (
				A73C403321EBB94200469CB8 /* index.html in Resources */,
				A73C400D21E981C500469CB8 /* LaunchScreen.storyboard in Resources */,
				A73C400A21E981C500469CB8 /* Assets.xcassets in Resources */,
				A73C403121E984B500469CB8 /* iPad1xLandscape_iOS7.png in Resources */,
				A73C400821E981C400469CB8 /* Main.storyboard in Resources */,
			);
			runOnlyForDeploymentPostprocessing = 0;
		};
		A73C401121E981C500469CB8 /* Resources */ = {
			isa = PBXResourcesBuildPhase;
			buildActionMask = 2147483647;
			files = (
			);
			runOnlyForDeploymentPostprocessing = 0;
		};
		A73C401C21E981C500469CB8 /* Resources */ = {
			isa = PBXResourcesBuildPhase;
			buildActionMask = 2147483647;
			files = (
			);
			runOnlyForDeploymentPostprocessing = 0;
		};
/* End PBXResourcesBuildPhase section */

/* Begin PBXSourcesBuildPhase section */
		A73C3FFB21E981C400469CB8 /* Sources */ = {
			isa = PBXSourcesBuildPhase;
			buildActionMask = 2147483647;
			files = (
				A73C400521E981C400469CB8 /* ViewController.swift in Sources */,
				A73C400321E981C400469CB8 /* AppDelegate.swift in Sources */,
			);
			runOnlyForDeploymentPostprocessing = 0;
		};
		A73C400F21E981C500469CB8 /* Sources */ = {
			isa = PBXSourcesBuildPhase;
			buildActionMask = 2147483647;
			files = (
				A73C401821E981C500469CB8 /* Rocket_RacersTests.swift in Sources */,
			);
			runOnlyForDeploymentPostprocessing = 0;
		};
		A73C401A21E981C500469CB8 /* Sources */ = {
			isa = PBXSourcesBuildPhase;
			buildActionMask = 2147483647;
			files = (
				A73C402321E981C500469CB8 /* Rocket_RacersUITests.swift in Sources */,
			);
			runOnlyForDeploymentPostprocessing = 0;
		};
/* End PBXSourcesBuildPhase section */

/* Begin PBXTargetDependency section */
		A73C401521E981C500469CB8 /* PBXTargetDependency */ = {
			isa = PBXTargetDependency;
			target = A73C3FFE21E981C400469CB8 /* Rocket Racers */;
			targetProxy = A73C401421E981C500469CB8 /* PBXContainerItemProxy */;
		};
		A73C402021E981C500469CB8 /* PBXTargetDependency */ = {
			isa = PBXTargetDependency;
			target = A73C3FFE21E981C400469CB8 /* Rocket Racers */;
			targetProxy = A73C401F21E981C500469CB8 /* PBXContainerItemProxy */;
		};
/* End PBXTargetDependency section */

/* Begin PBXVariantGroup section */
		A73C400621E981C400469CB8 /* Main.storyboard */ = {
			isa = PBXVariantGroup;
			children = (
				A73C400721E981C400469CB8 /* Base */,
			);
			name = Main.storyboard;
			sourceTree = "<group>";
		};
		A73C400B21E981C500469CB8 /* LaunchScreen.storyboard */ = {
			isa = PBXVariantGroup;
			children = (
				A73C400C21E981C500469CB8 /* Base */,
			);
			name = LaunchScreen.storyboard;
			sourceTree = "<group>";
		};
/* End PBXVariantGroup section */

/* Begin XCBuildConfiguration section */
		A73C402521E981C500469CB8 /* Debug */ = {
			isa = XCBuildConfiguration;
			buildSettings = {
				ALWAYS_SEARCH_USER_PATHS = NO;
				CLANG_ANALYZER_NONNULL = YES;
				CLANG_ANALYZER_NUMBER_OBJECT_CONVERSION = YES_AGGRESSIVE;
				CLANG_CXX_LANGUAGE_STANDARD = "gnu++14";
				CLANG_CXX_LIBRARY = "libc++";
				CLANG_ENABLE_MODULES = YES;
				CLANG_ENABLE_OBJC_ARC = YES;
				CLANG_ENABLE_OBJC_WEAK = YES;
				CLANG_WARN_BLOCK_CAPTURE_AUTORELEASING = YES;
				CLANG_WARN_BOOL_CONVERSION = YES;
				CLANG_WARN_COMMA = YES;
				CLANG_WARN_CONSTANT_CONVERSION = YES;
				CLANG_WARN_DEPRECATED_OBJC_IMPLEMENTATIONS = YES;
				CLANG_WARN_DIRECT_OBJC_ISA_USAGE = YES_ERROR;
				CLANG_WARN_DOCUMENTATION_COMMENTS = YES;
				CLANG_WARN_EMPTY_BODY = YES;
				CLANG_WARN_ENUM_CONVERSION = YES;
				CLANG_WARN_INFINITE_RECURSION = YES;
				CLANG_WARN_INT_CONVERSION = YES;
				CLANG_WARN_NON_LITERAL_NULL_CONVERSION = YES;
				CLANG_WARN_OBJC_IMPLICIT_RETAIN_SELF = YES;
				CLANG_WARN_OBJC_LITERAL_CONVERSION = YES;
				CLANG_WARN_OBJC_ROOT_CLASS = YES_ERROR;
				CLANG_WARN_RANGE_LOOP_ANALYSIS = YES;
				CLANG_WARN_STRICT_PROTOTYPES = YES;
				CLANG_WARN_SUSPICIOUS_MOVE = YES;
				CLANG_WARN_UNGUARDED_AVAILABILITY = YES_AGGRESSIVE;
				CLANG_WARN_UNREACHABLE_CODE = YES;
				CLANG_WARN__DUPLICATE_METHOD_MATCH = YES;
				CODE_SIGN_IDENTITY = "iPhone Developer";
				COPY_PHASE_STRIP = NO;
				DEBUG_INFORMATION_FORMAT = dwarf;
				ENABLE_STRICT_OBJC_MSGSEND = YES;
				ENABLE_TESTABILITY = YES;
				GCC_C_LANGUAGE_STANDARD = gnu11;
				GCC_DYNAMIC_NO_PIC = NO;
				GCC_NO_COMMON_BLOCKS = YES;
				GCC_OPTIMIZATION_LEVEL = 0;
				GCC_PREPROCESSOR_DEFINITIONS = (
					"DEBUG=1",
					"$(inherited)",
				);
				GCC_WARN_64_TO_32_BIT_CONVERSION = YES;
				GCC_WARN_ABOUT_RETURN_TYPE = YES_ERROR;
				GCC_WARN_UNDECLARED_SELECTOR = YES;
				GCC_WARN_UNINITIALIZED_AUTOS = YES_AGGRESSIVE;
				GCC_WARN_UNUSED_FUNCTION = YES;
				GCC_WARN_UNUSED_VARIABLE = YES;
				IPHONEOS_DEPLOYMENT_TARGET = 12.1;
				MTL_ENABLE_DEBUG_INFO = INCLUDE_SOURCE;
				MTL_FAST_MATH = YES;
				ONLY_ACTIVE_ARCH = YES;
				SDKROOT = iphoneos;
				SWIFT_ACTIVE_COMPILATION_CONDITIONS = DEBUG;
				SWIFT_OPTIMIZATION_LEVEL = "-Onone";
			};
			name = Debug;
		};
		A73C402621E981C500469CB8 /* Release */ = {
			isa = XCBuildConfiguration;
			buildSettings = {
				ALWAYS_SEARCH_USER_PATHS = NO;
				CLANG_ANALYZER_NONNULL = YES;
				CLANG_ANALYZER_NUMBER_OBJECT_CONVERSION = YES_AGGRESSIVE;
				CLANG_CXX_LANGUAGE_STANDARD = "gnu++14";
				CLANG_CXX_LIBRARY = "libc++";
				CLANG_ENABLE_MODULES = YES;
				CLANG_ENABLE_OBJC_ARC = YES;
				CLANG_ENABLE_OBJC_WEAK = YES;
				CLANG_WARN_BLOCK_CAPTURE_AUTORELEASING = YES;
				CLANG_WARN_BOOL_CONVERSION = YES;
				CLANG_WARN_COMMA = YES;
				CLANG_WARN_CONSTANT_CONVERSION = YES;
				CLANG_WARN_DEPRECATED_OBJC_IMPLEMENTATIONS = YES;
				CLANG_WARN_DIRECT_OBJC_ISA_USAGE = YES_ERROR;
				CLANG_WARN_DOCUMENTATION_COMMENTS = YES;
				CLANG_WARN_EMPTY_BODY = YES;
				CLANG_WARN_ENUM_CONVERSION = YES;
				CLANG_WARN_INFINITE_RECURSION = YES;
				CLANG_WARN_INT_CONVERSION = YES;
				CLANG_WARN_NON_LITERAL_NULL_CONVERSION = YES;
				CLANG_WARN_OBJC_IMPLICIT_RETAIN_SELF = YES;
				CLANG_WARN_OBJC_LITERAL_CONVERSION = YES;
				CLANG_WARN_OBJC_ROOT_CLASS = YES_ERROR;
				CLANG_WARN_RANGE_LOOP_ANALYSIS = YES;
				CLANG_WARN_STRICT_PROTOTYPES = YES;
				CLANG_WARN_SUSPICIOUS_MOVE = YES;
				CLANG_WARN_UNGUARDED_AVAILABILITY = YES_AGGRESSIVE;
				CLANG_WARN_UNREACHABLE_CODE = YES;
				CLANG_WARN__DUPLICATE_METHOD_MATCH = YES;
				CODE_SIGN_IDENTITY = "iPhone Developer";
				COPY_PHASE_STRIP = NO;
				DEBUG_INFORMATION_FORMAT = "dwarf-with-dsym";
				ENABLE_NS_ASSERTIONS = NO;
				ENABLE_STRICT_OBJC_MSGSEND = YES;
				GCC_C_LANGUAGE_STANDARD = gnu11;
				GCC_NO_COMMON_BLOCKS = YES;
				GCC_WARN_64_TO_32_BIT_CONVERSION = YES;
				GCC_WARN_ABOUT_RETURN_TYPE = YES_ERROR;
				GCC_WARN_UNDECLARED_SELECTOR = YES;
				GCC_WARN_UNINITIALIZED_AUTOS = YES_AGGRESSIVE;
				GCC_WARN_UNUSED_FUNCTION = YES;
				GCC_WARN_UNUSED_VARIABLE = YES;
				IPHONEOS_DEPLOYMENT_TARGET = 12.1;
				MTL_ENABLE_DEBUG_INFO = NO;
				MTL_FAST_MATH = YES;
				SDKROOT = iphoneos;
				SWIFT_COMPILATION_MODE = wholemodule;
				SWIFT_OPTIMIZATION_LEVEL = "-O";
				VALIDATE_PRODUCT = YES;
			};
			name = Release;
		};
		A73C402821E981C500469CB8 /* Debug */ = {
			isa = XCBuildConfiguration;
			buildSettings = {
				ASSETCATALOG_COMPILER_APPICON_NAME = AppIcon;
				ASSETCATALOG_COMPILER_LAUNCHIMAGE_NAME = LaunchImage;
				CODE_SIGN_STYLE = Automatic;
				DEVELOPMENT_TEAM = WRQ7336L2M;
				INFOPLIST_FILE = "Rocket Racers/Info.plist";
				IPHONEOS_DEPLOYMENT_TARGET = 8.0;
				LD_RUNPATH_SEARCH_PATHS = (
					"$(inherited)",
					"@executable_path/Frameworks",
				);
				PRODUCT_BUNDLE_IDENTIFIER = "com.centaurgamesonline.Rocket-Racers";
				PRODUCT_NAME = "$(TARGET_NAME)";
				SWIFT_VERSION = 4.2;
				TARGETED_DEVICE_FAMILY = "1,2";
			};
			name = Debug;
		};
		A73C402921E981C500469CB8 /* Release */ = {
			isa = XCBuildConfiguration;
			buildSettings = {
				ASSETCATALOG_COMPILER_APPICON_NAME = AppIcon;
				ASSETCATALOG_COMPILER_LAUNCHIMAGE_NAME = LaunchImage;
				CODE_SIGN_STYLE = Automatic;
				DEVELOPMENT_TEAM = WRQ7336L2M;
				INFOPLIST_FILE = "Rocket Racers/Info.plist";
				IPHONEOS_DEPLOYMENT_TARGET = 8.0;
				LD_RUNPATH_SEARCH_PATHS = (
					"$(inherited)",
					"@executable_path/Frameworks",
				);
				PRODUCT_BUNDLE_IDENTIFIER = "com.centaurgamesonline.Rocket-Racers";
				PRODUCT_NAME = "$(TARGET_NAME)";
				SWIFT_VERSION = 4.2;
				TARGETED_DEVICE_FAMILY = "1,2";
			};
			name = Release;
		};
		A73C402B21E981C500469CB8 /* Debug */ = {
			isa = XCBuildConfiguration;
			buildSettings = {
				ALWAYS_EMBED_SWIFT_STANDARD_LIBRARIES = YES;
				BUNDLE_LOADER = "$(TEST_HOST)";
				CODE_SIGN_STYLE = Automatic;
				DEVELOPMENT_TEAM = WRQ7336L2M;
				INFOPLIST_FILE = "Rocket RacersTests/Info.plist";
				LD_RUNPATH_SEARCH_PATHS = (
					"$(inherited)",
					"@executable_path/Frameworks",
					"@loader_path/Frameworks",
				);
				PRODUCT_BUNDLE_IDENTIFIER = "com.centaurgamesonline.Rocket-RacersTests";
				PRODUCT_NAME = "$(TARGET_NAME)";
				SWIFT_VERSION = 4.2;
				TARGETED_DEVICE_FAMILY = "1,2";
				TEST_HOST = "$(BUILT_PRODUCTS_DIR)/Rocket Racers.app/Rocket Racers";
			};
			name = Debug;
		};
		A73C402C21E981C500469CB8 /* Release */ = {
			isa = XCBuildConfiguration;
			buildSettings = {
				ALWAYS_EMBED_SWIFT_STANDARD_LIBRARIES = YES;
				BUNDLE_LOADER = "$(TEST_HOST)";
				CODE_SIGN_STYLE = Automatic;
				DEVELOPMENT_TEAM = WRQ7336L2M;
				INFOPLIST_FILE = "Rocket RacersTests/Info.plist";
				LD_RUNPATH_SEARCH_PATHS = (
					"$(inherited)",
					"@executable_path/Frameworks",
					"@loader_path/Frameworks",
				);
				PRODUCT_BUNDLE_IDENTIFIER = "com.centaurgamesonline.Rocket-RacersTests";
				PRODUCT_NAME = "$(TARGET_NAME)";
				SWIFT_VERSION = 4.2;
				TARGETED_DEVICE_FAMILY = "1,2";
				TEST_HOST = "$(BUILT_PRODUCTS_DIR)/Rocket Racers.app/Rocket Racers";
			};
			name = Release;
		};
		A73C402E21E981C500469CB8 /* Debug */ = {
			isa = XCBuildConfiguration;
			buildSettings = {
				ALWAYS_EMBED_SWIFT_STANDARD_LIBRARIES = YES;
				CODE_SIGN_STYLE = Automatic;
				DEVELOPMENT_TEAM = WRQ7336L2M;
				INFOPLIST_FILE = "Rocket RacersUITests/Info.plist";
				LD_RUNPATH_SEARCH_PATHS = (
					"$(inherited)",
					"@executable_path/Frameworks",
					"@loader_path/Frameworks",
				);
				PRODUCT_BUNDLE_IDENTIFIER = "com.centaurgamesonline.Rocket-RacersUITests";
				PRODUCT_NAME = "$(TARGET_NAME)";
				SWIFT_VERSION = 4.2;
				TARGETED_DEVICE_FAMILY = "1,2";
				TEST_TARGET_NAME = "Rocket Racers";
			};
			name = Debug;
		};
		A73C402F21E981C500469CB8 /* Release */ = {
			isa = XCBuildConfiguration;
			buildSettings = {
				ALWAYS_EMBED_SWIFT_STANDARD_LIBRARIES = YES;
				CODE_SIGN_STYLE = Automatic;
				DEVELOPMENT_TEAM = WRQ7336L2M;
				INFOPLIST_FILE = "Rocket RacersUITests/Info.plist";
				LD_RUNPATH_SEARCH_PATHS = (
					"$(inherited)",
					"@executable_path/Frameworks",
					"@loader_path/Frameworks",
				);
				PRODUCT_BUNDLE_IDENTIFIER = "com.centaurgamesonline.Rocket-RacersUITests";
				PRODUCT_NAME = "$(TARGET_NAME)";
				SWIFT_VERSION = 4.2;
				TARGETED_DEVICE_FAMILY = "1,2";
				TEST_TARGET_NAME = "Rocket Racers";
			};
			name = Release;
		};
/* End XCBuildConfiguration section */

/* Begin XCConfigurationList section */
		A73C3FFA21E981C400469CB8 /* Build configuration list for PBXProject "Rocket Racers" */ = {
			isa = XCConfigurationList;
			buildConfigurations = (
				A73C402521E981C500469CB8 /* Debug */,
				A73C402621E981C500469CB8 /* Release */,
			);
			defaultConfigurationIsVisible = 0;
			defaultConfigurationName = Release;
		};
		A73C402721E981C500469CB8 /* Build configuration list for PBXNativeTarget "Rocket Racers" */ = {
			isa = XCConfigurationList;
			buildConfigurations = (
				A73C402821E981C500469CB8 /* Debug */,
				A73C402921E981C500469CB8 /* Release */,
			);
			defaultConfigurationIsVisible = 0;
			defaultConfigurationName = Release;
		};
		A73C402A21E981C500469CB8 /* Build configuration list for PBXNativeTarget "Rocket RacersTests" */ = {
			isa = XCConfigurationList;
			buildConfigurations = (
				A73C402B21E981C500469CB8 /* Debug */,
				A73C402C21E981C500469CB8 /* Release */,
			);
			defaultConfigurationIsVisible = 0;
			defaultConfigurationName = Release;
		};
		A73C402D21E981C500469CB8 /* Build configuration list for PBXNativeTarget "Rocket RacersUITests" */ = {
			isa = XCConfigurationList;
			buildConfigurations = (
				A73C402E21E981C500469CB8 /* Debug */,
				A73C402F21E981C500469CB8 /* Release */,
			);
			defaultConfigurationIsVisible = 0;
			defaultConfigurationName = Release;
		};
/* End XCConfigurationList section */
	};
	rootObject = A73C3FF721E981C400469CB8 /* Project object */;
}
